
Microsoft Visual Studio Solution File, Format Version 12.00
# Visual Studio 2017
Project("{FAE04EC0-301F-11D3-BF4B-00C04F79EFBC}") = "BatBoyProject", "BatBoyProject.csproj", "{C806E62E-6FF9-B6EB-E3D9-7CDE2269B2AA}"
EndProject
Global
	GlobalSection(SolutionConfigurationPlatforms) = preSolution
		Debug|Any CPU = Debug|Any CPU
		Release|Any CPU = Release|Any CPU
	EndGlobalSection
	GlobalSection(ProjectConfigurationPlatforms) = postSolution
		{C806E62E-6FF9-B6EB-E3D9-7CDE2269B2AA}.Debug|Any CPU.ActiveCfg = Debug|Any CPU
		{C806E62E-6FF9-B6EB-E3D9-7CDE2269B2AA}.Debug|Any CPU.Build.0 = Debug|Any CPU
		{C806E62E-6FF9-B6EB-E3D9-7CDE2269B2AA}.Release|Any CPU.ActiveCfg = Release|Any CPU
		{C806E62E-6FF9-B6EB-E3D9-7CDE2269B2AA}.Release|Any CPU.Build.0 = Release|Any CPU
	EndGlobalSection
	GlobalSection(SolutionProperties) = preSolution
		HideSolutionNode = FALSE
	EndGlobalSection
EndGlobal
